
Microsoft Visual Studio Solution File, Format Version 12.00
# Visual Studio Version 16
VisualStudioVersion = 16.0.29215.179
MinimumVisualStudioVersion = 10.0.40219.1
Project("{FAE04EC0-301F-11D3-BF4B-00C04F79EFBC}") = "FavoriteThings", "FavoriteThings\FavoriteThings.csproj", "{6366D0D1-7877-4459-BD56-7ABD0FEDA811}"
EndProject
Global
	GlobalSection(SolutionConfigurationPlatforms) = preSolution
		Debug|Any CPU = Debug|Any CPU
		Release|Any CPU = Release|Any CPU
	EndGlobalSection
	GlobalSection(ProjectConfigurationPlatforms) = postSolution
		{6366D0D1-7877-4459-BD56-7ABD0FEDA811}.Debug|Any CPU.ActiveCfg = Debug|Any CPU
		{6366D0D1-7877-4459-BD56-7ABD0FEDA811}.Debug|Any CPU.Build.0 = Debug|Any CPU
		{6366D0D1-7877-4459-BD56-7ABD0FEDA811}.Release|Any CPU.ActiveCfg = Release|Any CPU
		{6366D0D1-7877-4459-BD56-7ABD0FEDA811}.Release|Any CPU.Build.0 = Release|Any CPU
	EndGlobalSection
	GlobalSection(SolutionProperties) = preSolution
		HideSolutionNode = FALSE
	EndGlobalSection
	GlobalSection(ExtensibilityGlobals) = postSolution
		SolutionGuid = {AF614A1E-F7A4-4D04-8274-88F50A27FF0C}
	EndGlobalSection
EndGlobal
